{
	"name": "example",
	"version": "0.0.0",
	"lockfileVersion": 3,
	"requires": true,
	"packages": {
		"": {
			"name": "example",
			"version": "0.0.0",
			"hasInstallScript": true,
			"dependencies": {
				"glfw-raub": "^5.1.0",
				"image-raub": "^4.1.0"
			}
		},
		"node_modules/addon-tools-raub": {
			"version": "7.2.0",
			"resolved": "https://registry.npmjs.org/addon-tools-raub/-/addon-tools-raub-7.2.0.tgz",
			"integrity": "sha512-dKdkIhFSjI3lsUXw88xP+WRV4pLtqABRKie4QmdHjFJqmwwyyovI8RjVDkpscOyOagJ4lhRcBFvuap+uHgynBw==",
			"engines": {
				"node": ">=18.16.0",
				"npm": ">=9.5.1"
			},
			"peerDependencies": {
				"node-addon-api": "^6.1.0"
			},
			"peerDependenciesMeta": {
				"node-addon-api": {
					"optional": true
				}
			}
		},
		"node_modules/deps-freeimage-raub": {
			"version": "4.1.0",
			"resolved": "https://registry.npmjs.org/deps-freeimage-raub/-/deps-freeimage-raub-4.1.0.tgz",
			"integrity": "sha512-vg2Gx7QOvVS9Aqzo2ZZaFAPqp5nkqaBXR9nuCL4rrCja40LanlJ+f9D/N3nnOhWTURNAD87BmMlvjvrglU94RA==",
			"hasInstallScript": true,
			"dependencies": {
				"addon-tools-raub": "^7.2.0"
			},
			"engines": {
				"node": ">=18.16.0",
				"npm": ">=9.5.1"
			}
		},
		"node_modules/deps-opengl-raub": {
			"version": "5.1.0",
			"resolved": "https://registry.npmjs.org/deps-opengl-raub/-/deps-opengl-raub-5.1.0.tgz",
			"integrity": "sha512-t9LOtcnL7QTyqMociTh5f4jf/dcatkXiKpHwDSK7c7twtD9eP4guQivhwq4nSKx4dEAapsSvNqrrSGxx0v9cbw==",
			"hasInstallScript": true,
			"dependencies": {
				"addon-tools-raub": "^7.2.0"
			},
			"engines": {
				"node": ">=18.16.0",
				"npm": ">=9.5.1"
			}
		},
		"node_modules/glfw-raub": {
			"version": "5.1.0",
			"resolved": "https://registry.npmjs.org/glfw-raub/-/glfw-raub-5.1.0.tgz",
			"integrity": "sha512-XgpD+vaPTaEyGgsE1M1ltoHU8VmJ8x/Gct4Cjj9t/vMra5HESCBhOBi8U6s9HHwXZ4z5tdgKE8wHJZwQzkl8Dw==",
			"hasInstallScript": true,
			"dependencies": {
				"addon-tools-raub": "^7.2.0",
				"deps-opengl-raub": "^5.1.0",
				"segfault-raub": "^2.1.0"
			},
			"engines": {
				"node": ">=18.16.0",
				"npm": ">=9.5.1"
			}
		},
		"node_modules/image-raub": {
			"version": "4.1.0",
			"resolved": "https://registry.npmjs.org/image-raub/-/image-raub-4.1.0.tgz",
			"integrity": "sha512-9rPh9ttw2Skr5JBlOVRmy71rFNt4jLsPrWDXFdm1iO8DE2Uhqw+kZ48DjiD3CKciVYTFgjAdBr6o+E3q4AyQOA==",
			"hasInstallScript": true,
			"dependencies": {
				"addon-tools-raub": "^7.2.0",
				"deps-freeimage-raub": "^4.1.0",
				"segfault-raub": "^2.1.0"
			},
			"engines": {
				"node": ">=18.16.0",
				"npm": ">=9.5.1"
			}
		},
		"node_modules/segfault-raub": {
			"version": "2.1.0",
			"resolved": "https://registry.npmjs.org/segfault-raub/-/segfault-raub-2.1.0.tgz",
			"integrity": "sha512-sULCxoOc7ZTz6pzR+PmCUDQ6rt3dthGScTwxx0fsCCEWMb1xrJEGMFFYxQPmDtGpqNF3HqZQSgK4uyeeFGLRYw==",
			"hasInstallScript": true,
			"dependencies": {
				"addon-tools-raub": "^7.2.0"
			},
			"engines": {
				"node": ">=18.16.0",
				"npm": ">=9.5.1"
			}
		}
	}
}
