{
	"name": "example",
	"version": "0.0.0",
	"lockfileVersion": 2,
	"requires": true,
	"packages": {
		"": {
			"name": "example",
			"version": "0.0.0",
			"hasInstallScript": true,
			"dependencies": {
				"glfw-raub": "^4.7.0",
				"image-raub": "^3.3.0"
			}
		},
		"node_modules/addon-tools-raub": {
			"version": "6.0.1",
			"resolved": "https://registry.npmjs.org/addon-tools-raub/-/addon-tools-raub-6.0.1.tgz",
			"integrity": "sha512-5Qgqou3FPAa6u5Q8+05c8PBMD3y9u6L/XMep5rT7yrK276r+/2NAML0L8b9lpJqFs/ieqSuZbQ8EmsZ5Lpalrw==",
			"engines": {
				"node": ">=16.17.0",
				"npm": ">=8.15.0"
			},
			"peerDependencies": {
				"adm-zip": "^0.5.9",
				"node-addon-api": "^5.0.0"
			},
			"peerDependenciesMeta": {
				"adm-zip": {
					"optional": true
				},
				"node-addon-api": {
					"optional": true
				}
			}
		},
		"node_modules/adm-zip": {
			"version": "0.5.9",
			"resolved": "https://registry.npmjs.org/adm-zip/-/adm-zip-0.5.9.tgz",
			"integrity": "sha512-s+3fXLkeeLjZ2kLjCBwQufpI5fuN+kIGBxu6530nVQZGVol0d7Y/M88/xw9HGGUcJjKf8LutN3VPRUBq6N7Ajg==",
			"engines": {
				"node": ">=6.0"
			}
		},
		"node_modules/deps-freeimage-raub": {
			"version": "3.1.0",
			"resolved": "https://registry.npmjs.org/deps-freeimage-raub/-/deps-freeimage-raub-3.1.0.tgz",
			"integrity": "sha512-GoTVUaFhB+UCDcFP+7n/5ZNMN0rP7ArZSY+lUzxHNLVQtGE6XszXe8G9egxGYI0u7Z0oFNyYyI1B9RA+UA3Djw==",
			"hasInstallScript": true,
			"dependencies": {
				"addon-tools-raub": "^6.0.0",
				"adm-zip": "^0.5.9"
			},
			"engines": {
				"node": ">=16.17.0",
				"npm": ">=8.15.0"
			}
		},
		"node_modules/deps-opengl-raub": {
			"version": "4.1.1",
			"resolved": "https://registry.npmjs.org/deps-opengl-raub/-/deps-opengl-raub-4.1.1.tgz",
			"integrity": "sha512-QnTFq9ac8baAD6JZAEZnx7fuqqIG+ELGv1NX8A9QLxxpUyldRieL6FGMDpBqAGeWDNb5uBcRgz/iFKhH7dN9IQ==",
			"hasInstallScript": true,
			"dependencies": {
				"addon-tools-raub": "^6.0.0",
				"adm-zip": "^0.5.9"
			},
			"engines": {
				"node": ">=16.17.0",
				"npm": ">=8.15.0"
			}
		},
		"node_modules/glfw-raub": {
			"version": "4.7.0",
			"resolved": "https://registry.npmjs.org/glfw-raub/-/glfw-raub-4.7.0.tgz",
			"integrity": "sha512-eW1WI2o/lV1CUxTELsjswkk8/Ea1cRFtdDibpFQMFG2qt46nLTZHOIOoqhJU88fRlVgj/WfrToykwRuFrLd6Nw==",
			"hasInstallScript": true,
			"dependencies": {
				"addon-tools-raub": "^6.0.0",
				"adm-zip": "^0.5.9",
				"deps-opengl-raub": "4.1.x",
				"segfault-raub": "^1.3.0"
			},
			"engines": {
				"node": ">=16.17.0",
				"npm": ">=8.15.0"
			}
		},
		"node_modules/image-raub": {
			"version": "3.3.0",
			"resolved": "https://registry.npmjs.org/image-raub/-/image-raub-3.3.0.tgz",
			"integrity": "sha512-hU9sdfQfJxf3onEYy7MNLzNE1Kx2e7XDArIQwqjxAGMwgPs4w3Q1orxCCXPM+GGC78/ziJtILHmgQyD8MRv/Ew==",
			"hasInstallScript": true,
			"dependencies": {
				"addon-tools-raub": "^6.0.0",
				"adm-zip": "^0.5.9",
				"deps-freeimage-raub": "^3.1.0",
				"segfault-raub": "^1.3.0"
			},
			"engines": {
				"node": ">=16.17.0",
				"npm": ">=8.15.0"
			}
		},
		"node_modules/segfault-raub": {
			"version": "1.3.1",
			"resolved": "https://registry.npmjs.org/segfault-raub/-/segfault-raub-1.3.1.tgz",
			"integrity": "sha512-Nb53HLJgxealZn8QpQ36tCLQayG66Xt4iiLqIOudGBxGgT7GoE7O+jBaVc/ZbJ09nfEUU2frapMdDsV9TL/0Mw==",
			"hasInstallScript": true,
			"dependencies": {
				"addon-tools-raub": "^6.0.0",
				"adm-zip": "^0.5.9"
			},
			"engines": {
				"node": ">=16.17.0",
				"npm": ">=8.15.0"
			}
		}
	},
	"dependencies": {
		"addon-tools-raub": {
			"version": "6.0.1",
			"resolved": "https://registry.npmjs.org/addon-tools-raub/-/addon-tools-raub-6.0.1.tgz",
			"integrity": "sha512-5Qgqou3FPAa6u5Q8+05c8PBMD3y9u6L/XMep5rT7yrK276r+/2NAML0L8b9lpJqFs/ieqSuZbQ8EmsZ5Lpalrw==",
			"requires": {}
		},
		"adm-zip": {
			"version": "0.5.9",
			"resolved": "https://registry.npmjs.org/adm-zip/-/adm-zip-0.5.9.tgz",
			"integrity": "sha512-s+3fXLkeeLjZ2kLjCBwQufpI5fuN+kIGBxu6530nVQZGVol0d7Y/M88/xw9HGGUcJjKf8LutN3VPRUBq6N7Ajg=="
		},
		"deps-freeimage-raub": {
			"version": "3.1.0",
			"resolved": "https://registry.npmjs.org/deps-freeimage-raub/-/deps-freeimage-raub-3.1.0.tgz",
			"integrity": "sha512-GoTVUaFhB+UCDcFP+7n/5ZNMN0rP7ArZSY+lUzxHNLVQtGE6XszXe8G9egxGYI0u7Z0oFNyYyI1B9RA+UA3Djw==",
			"requires": {
				"addon-tools-raub": "^6.0.0",
				"adm-zip": "^0.5.9"
			}
		},
		"deps-opengl-raub": {
			"version": "4.1.1",
			"resolved": "https://registry.npmjs.org/deps-opengl-raub/-/deps-opengl-raub-4.1.1.tgz",
			"integrity": "sha512-QnTFq9ac8baAD6JZAEZnx7fuqqIG+ELGv1NX8A9QLxxpUyldRieL6FGMDpBqAGeWDNb5uBcRgz/iFKhH7dN9IQ==",
			"requires": {
				"addon-tools-raub": "^6.0.0",
				"adm-zip": "^0.5.9"
			}
		},
		"glfw-raub": {
			"version": "4.7.0",
			"resolved": "https://registry.npmjs.org/glfw-raub/-/glfw-raub-4.7.0.tgz",
			"integrity": "sha512-eW1WI2o/lV1CUxTELsjswkk8/Ea1cRFtdDibpFQMFG2qt46nLTZHOIOoqhJU88fRlVgj/WfrToykwRuFrLd6Nw==",
			"requires": {
				"addon-tools-raub": "^6.0.0",
				"adm-zip": "^0.5.9",
				"deps-opengl-raub": "4.1.x",
				"segfault-raub": "^1.3.0"
			}
		},
		"image-raub": {
			"version": "3.3.0",
			"resolved": "https://registry.npmjs.org/image-raub/-/image-raub-3.3.0.tgz",
			"integrity": "sha512-hU9sdfQfJxf3onEYy7MNLzNE1Kx2e7XDArIQwqjxAGMwgPs4w3Q1orxCCXPM+GGC78/ziJtILHmgQyD8MRv/Ew==",
			"requires": {
				"addon-tools-raub": "^6.0.0",
				"adm-zip": "^0.5.9",
				"deps-freeimage-raub": "^3.1.0",
				"segfault-raub": "^1.3.0"
			}
		},
		"segfault-raub": {
			"version": "1.3.1",
			"resolved": "https://registry.npmjs.org/segfault-raub/-/segfault-raub-1.3.1.tgz",
			"integrity": "sha512-Nb53HLJgxealZn8QpQ36tCLQayG66Xt4iiLqIOudGBxGgT7GoE7O+jBaVc/ZbJ09nfEUU2frapMdDsV9TL/0Mw==",
			"requires": {
				"addon-tools-raub": "^6.0.0",
				"adm-zip": "^0.5.9"
			}
		}
	}
}
