{
	"name": "example",
	"version": "0.0.0",
	"lockfileVersion": 3,
	"requires": true,
	"packages": {
		"": {
			"name": "example",
			"version": "0.0.0",
			"dependencies": {
				"glfw-raub": "^6.1.0",
				"image-raub": "^5.1.0"
			}
		},
		"node_modules/addon-tools-raub": {
			"version": "9.2.0",
			"resolved": "https://registry.npmjs.org/addon-tools-raub/-/addon-tools-raub-9.2.0.tgz",
			"integrity": "sha512-htGj72/BGrqo2PB7VkDTyTJARVMlg/dsuZZafudv0IgTgTS6ZgMzMctj9QB+vViU75wCji0hj363VhyznbA5aA==",
			"license": "MIT",
			"engines": {
				"node": ">=22.9.0",
				"npm": ">=10.8.3"
			},
			"peerDependencies": {
				"node-addon-api": "^8.3.0"
			},
			"peerDependenciesMeta": {
				"node-addon-api": {
					"optional": true
				}
			}
		},
		"node_modules/deps-freeimage-raub": {
			"version": "6.1.0",
			"resolved": "https://registry.npmjs.org/deps-freeimage-raub/-/deps-freeimage-raub-6.1.0.tgz",
			"integrity": "sha512-VXFHeM3yZt8wR4P3t8lJ9FNwmgO8VKcUWGt3GXdOroYOybBH6dBJN7ljPBmnFOSXg3b25DXGf8LkTTlmrPoK8g==",
			"hasInstallScript": true,
			"license": "MIT",
			"dependencies": {
				"addon-tools-raub": "^9.2.0"
			},
			"engines": {
				"node": ">=22.9.0",
				"npm": ">=10.8.3"
			}
		},
		"node_modules/deps-opengl-raub": {
			"version": "7.1.0",
			"resolved": "https://registry.npmjs.org/deps-opengl-raub/-/deps-opengl-raub-7.1.0.tgz",
			"integrity": "sha512-oUkFWst5SjVhL7engFudlGqbzu1JTKlndboJlocYAq1YMedU0I9Eha2Rene6Iq81DWRMAQQDYHT650QRF1r2cA==",
			"hasInstallScript": true,
			"license": "MIT",
			"dependencies": {
				"addon-tools-raub": "^9.2.0"
			},
			"engines": {
				"node": ">=22.9.0",
				"npm": ">=10.8.3"
			}
		},
		"node_modules/glfw-raub": {
			"version": "6.1.0",
			"resolved": "https://registry.npmjs.org/glfw-raub/-/glfw-raub-6.1.0.tgz",
			"integrity": "sha512-0bDNNgazIwo3JwDvXQlM/8uzAOtmImz4LduXpOvWzZSXZOJQP4+cBWp6AlQAQo+9I5S4rbtn27vN7eh4JC0ZOQ==",
			"hasInstallScript": true,
			"license": "MIT",
			"dependencies": {
				"addon-tools-raub": "^9.1.1",
				"deps-opengl-raub": "^7.0.0",
				"segfault-raub": "^3.0.1"
			},
			"engines": {
				"node": ">=22.9.0",
				"npm": ">=10.8.3"
			}
		},
		"node_modules/image-raub": {
			"version": "5.1.0",
			"resolved": "https://registry.npmjs.org/image-raub/-/image-raub-5.1.0.tgz",
			"integrity": "sha512-xN8u3RewM3dor0hXsCGsNlj68is7JctIeTiir9YPhicqaYKqAS3u695bIK/MEyFnux2EstdvUgrHXN15XH+G2A==",
			"hasInstallScript": true,
			"license": "MIT",
			"dependencies": {
				"addon-tools-raub": "^9.2.0",
				"deps-freeimage-raub": "^6.1.0",
				"segfault-raub": "^3.1.0"
			},
			"engines": {
				"node": ">=22.9.0",
				"npm": ">=10.8.3"
			}
		},
		"node_modules/segfault-raub": {
			"version": "3.1.0",
			"resolved": "https://registry.npmjs.org/segfault-raub/-/segfault-raub-3.1.0.tgz",
			"integrity": "sha512-xbIiCnzONBsGVD1qlLQGDgJ7cnChC8tPmU4gTQc2kwFqp1AkZ/ooAJ9qy3MavqgjS1Y8nR5d1E5YKYGw6H6ZGw==",
			"hasInstallScript": true,
			"license": "MIT, BSD-3-Clause, BSD-2-Clause",
			"dependencies": {
				"addon-tools-raub": "^9.2.0"
			},
			"engines": {
				"node": ">=22.9.0",
				"npm": ">=10.8.3"
			}
		}
	}
}
