{
	"name": "build",
	"version": "0.0.0",
	"lockfileVersion": 1,
	"requires": true,
	"dependencies": {
		"addon-tools-raub": {
			"version": "5.1.0",
			"resolved": "https://registry.npmjs.org/addon-tools-raub/-/addon-tools-raub-5.1.0.tgz",
			"integrity": "sha512-hSlNWrRybXW28vK7YWl4A+JUs3P5aVMB/yOg0gSXDptd8ctEood1MlR91bzO43u/Ze0/l+JuF97ovkGIeGmmgQ==",
			"requires": {
				"adm-zip": "0.4.14",
				"node-addon-api": "2.0.0"
			}
		},
		"adm-zip": {
			"version": "0.4.14",
			"resolved": "https://registry.npmjs.org/adm-zip/-/adm-zip-0.4.14.tgz",
			"integrity": "sha512-/9aQCnQHF+0IiCl0qhXoK7qs//SwYE7zX8lsr/DNk1BRAHYxeLZPL4pguwK29gUEqasYQjqPtEpDRSWEkdHn9g=="
		},
		"deps-opengl-raub": {
			"version": "3.0.1",
			"resolved": "https://registry.npmjs.org/deps-opengl-raub/-/deps-opengl-raub-3.0.1.tgz",
			"integrity": "sha512-LIZPD5SPyWgsmP6udfsyTW3WemciiKtex56PHHpUmPBUGLf3qN126wRjXBVyFbhOOtR+B+YDKW2FbkxNPzglow==",
			"requires": {
				"addon-tools-raub": "5.1.0"
			}
		},
		"node-addon-api": {
			"version": "2.0.0",
			"resolved": "https://registry.npmjs.org/node-addon-api/-/node-addon-api-2.0.0.tgz",
			"integrity": "sha512-ASCL5U13as7HhOExbT6OlWJJUV/lLzL2voOSP1UVehpRD8FbSrSDjfScK/KwAvVTI5AS6r4VwbOMlIqtvRidnA=="
		}
	}
}
